<?xml version="1.0" encoding="utf-8"?>
<Project ToolsVersion="4.0" xmlns="http://schemas.microsoft.com/developer/msbuild/2003">
  <ItemGroup>
    <Filter Include="源文件">
      <UniqueIdentifier>{4FC737F1-C7A5-4376-A066-2A32D752A2FF}</UniqueIdentifier>
      <Extensions>cpp;c;cc;cxx;def;odl;idl;hpj;bat;asm;asmx</Extensions>
    </Filter>
    <Filter Include="头文件">
      <UniqueIdentifier>{93995380-89BD-4b04-88EB-625FBE52EBFB}</UniqueIdentifier>
      <Extensions>h;hpp;hxx;hm;inl;inc;xsd</Extensions>
    </Filter>
    <Filter Include="资源文件">
      <UniqueIdentifier>{67DA6AB6-F800-4c08-8B7A-83BB121AAD01}</UniqueIdentifier>
      <Extensions>rc;ico;cur;bmp;dlg;rc2;rct;bin;rgs;gif;jpg;jpeg;jpe;resx;tiff;tif;png;wav;mfcribbon-ms</Extensions>
    </Filter>
  </ItemGroup>
  <ItemGroup>
    <ClCompile Include="..\basic\agree.cpp">
      <Filter>源文件</Filter>
    </ClCompile>
    <ClCompile Include="..\basic\error.cpp">
      <Filter>源文件</Filter>
    </ClCompile>
    <ClCompile Include="..\basic\function.cpp">
      <Filter>源文件</Filter>
    </ClCompile>
    <ClCompile Include="..\basic\token.cpp">
      <Filter>源文件</Filter>
    </ClCompile>
    <ClCompile Include="..\kbase\bldrbase.cpp">
      <Filter>源文件</Filter>
    </ClCompile>
    <ClCompile Include="..\kbase\cutrbase.cpp">
      <Filter>源文件</Filter>
    </ClCompile>
    <ClCompile Include="..\kbase\dictn.cpp">
      <Filter>源文件</Filter>
    </ClCompile>
    <ClCompile Include="..\kbase\kbase.cpp">
      <Filter>源文件</Filter>
    </ClCompile>
    <ClCompile Include="..\kbase\makrbase.cpp">
      <Filter>源文件</Filter>
    </ClCompile>
    <ClCompile Include="..\kbase\mkbase.cpp">
      <Filter>源文件</Filter>
    </ClCompile>
    <ClCompile Include="..\kbase\model.cpp">
      <Filter>源文件</Filter>
    </ClCompile>
    <ClCompile Include="..\kbase\prsrbase.cpp">
      <Filter>源文件</Filter>
    </ClCompile>
    <ClCompile Include="..\kbase\template.cpp">
      <Filter>源文件</Filter>
    </ClCompile>
    <ClCompile Include="..\kbase_ce\chncutrbase.cpp">
      <Filter>源文件</Filter>
    </ClCompile>
    <ClCompile Include="..\kbase_ce\chndictn.cpp">
      <Filter>源文件</Filter>
    </ClCompile>
    <ClCompile Include="..\kbase_ce\engbldrbase.cpp">
      <Filter>源文件</Filter>
    </ClCompile>
    <ClCompile Include="..\kbase_ce\engmakrbase.cpp">
      <Filter>源文件</Filter>
    </ClCompile>
    <ClCompile Include="..\kbase_ce\lexdbase.cpp">
      <Filter>源文件</Filter>
    </ClCompile>
    <ClCompile Include="..\main\cemt.cpp">
      <Filter>源文件</Filter>
    </ClCompile>
    <ClCompile Include="..\trans\result.cpp">
      <Filter>源文件</Filter>
    </ClCompile>
    <ClCompile Include="..\trans\struct.cpp">
      <Filter>源文件</Filter>
    </ClCompile>
    <ClCompile Include="..\trans\trans.cpp">
      <Filter>源文件</Filter>
    </ClCompile>
    <ClCompile Include="..\trans\unify.cpp">
      <Filter>源文件</Filter>
    </ClCompile>
    <ClCompile Include="..\trans_ce\cetrans.cpp">
      <Filter>源文件</Filter>
    </ClCompile>
    <ClCompile Include="..\translib\translib.cpp">
      <Filter>源文件</Filter>
    </ClCompile>
  </ItemGroup>
</Project>